title: Block by Block
other_names: null
parent: null
description: Block by Bock is a podcast hosted by Denelle Dixon, CEO and Executive Director of the Stellar Development Foundation, exploring topics at the intersection of cryptocurrency, technology, and society. Each episode features conversations with experts discussing how blockchain and crypto are influencing various aspects of the world.
links:
  website:
    - open.spotify.com/show/3zL71U99SSNbfdhuLH4nZV
  blog: []
  x: []
  linkedin: []
  discord: []
  telegram: []
  youtube: []
  instagram: []
  reddit: []
  tiktok: []
  linktree: []
  github: []
attributes:
  category: null
  tags: []
  operating_region: []
  based_in: null
mainnet:
  tokens: []
  contracts: []
  audits: []
