title: Block by Block
other_names: null
parent: null
description: Block by Block is a podcast hosted by Denelle Dixon, CEO and Executive Director of the Stellar Development Foundation, exploring topics at the intersection of cryptocurrency, technology, and society.
links:
  website:
    - open.spotify.com/show/3zl71u99ssnbfdhulh4nzv
  blog: []
  x: []
  linkedin: []
  discord: []
  telegram: []
  youtube: []
  instagram: []
  reddit: []
  tiktok: []
  linktree: []
  github: []
attributes:
  category: null
  tags: []
  operating_region: []
  based_in: null
mainnet:
  audits: []
  tokens: []
  contracts: []
