title: Fairblock
other_names:
  - Confidential Transfers and Balances
parent: null
description: Confidential transaction infrastructure for Stellar, enabling compliant private transfers and sealed-bid auctions using threshold encryption.
images: null
links:
  website:
    - fairblock.network
  blog: []
  x:
    - 0xfairblock
  linkedin:
    - linkedin.com/company/fairblock
  discord:
    - discord.gg/fairblock
  telegram:
    - t.me/+hvflo4nftvw3ntu0
  youtube: []
  instagram: []
  reddit: []
  tiktok: []
  linktree: []
  github:
    - github.com/fairblock
attributes:
  category: Developer Tooling
  tags:
    - Security
    - ZK
  operating_region:
    - North America (without Mexico)
  based_in: Canada
scf:
  awarded_round:
    - 40
  awarded_total: 150000
  submission_urls:
    - communityfund.stellar.org/submissions/recJbAw5nnUU1ZUmb
mainnet:
  audits: []
  tokens: []
  contracts: []
