title: Uniblock
other_names: null
parent: null
description: Developer platform providing unified APIs, webhooks, and indexing tools across multiple blockchains including Stellar, simplifying Web3 backend development.
links:
  website:
    - uniblock.dev
  blog: []
  x:
    - uniblock
  linkedin:
    - linkedin.com/company/uniblock-dapp/about
  discord:
    - discord.gg/wqekewh3tm
  telegram: []
  youtube: []
  instagram: []
  reddit: []
  tiktok: []
  linktree: []
  github: []
attributes:
  category: Infrastructure & Services
  tags:
    - API
    - Multi-Chain
    - DevX
  operating_region:
    - Global
  based_in: Canada
scf:
  awarded_round:
    - 36
  awarded_total: 142740
  submission_urls:
    - communityfund.stellar.org/submissions/recgIFXmScwgYJreX
mainnet:
  audits: []
  tokens: []
  contracts: []
