title: ZettaBlock
other_names: null
parent: null
description: ZettaBlock offers APIs for querying and analyzing Stellar on-chain data, enabling developers to build data-driven applications on the Stellar network. It simplifies access to transaction insights, account activity, and network analytics without requiring extensive infrastructure setup.
images:
  avatar: https://media.lumenloop.com/projects/zettablock/github_avatar.png
links:
  website:
    - zettablock.com
  blog:
    - blog.zettablock.com
  x:
    - zettablockhq
  linkedin:
    - linkedin.com/company/zettablockhq
  discord:
    - discord.gg/zettablock
  telegram: []
  youtube:
    - youtube.com/channel/ucz7oytgcxa93fagcmnyjtzw
  instagram: []
  reddit: []
  tiktok: []
  linktree: []
  github:
    - github.com/zettablock
attributes:
  category: null
  tags:
    - API
    - Analytics
    - Database
  operating_region:
    - Global
  based_in: United States
mainnet:
  audits: []
  tokens: []
  contracts: []
