title: Block by Block
other_names: null
parent: null
description: Block by Bock is a podcast hosted by Denelle Dixon, CEO and
  Executive Director of the Stellar Development Foundation, exploring topics at
  the intersection of cryptocurrency, technology, and society. Each episode
  features conversations with experts discussing how blockchain and crypto are
  influencing various aspects of the world.
links:
  website: https://open.spotify.com/show/3zL71U99SSNbfdhuLH4nZV
  blog: null
  x: null
  linkedin: null
  discord_server: null
  telegram: null
  youtube: null
  instagram: null
  reddit: null
  tiktok: null
  github: null
linktree: null
attributes:
  category: Content & News
  tags: []
  smart_contracts: false
  regions_services: null
  country: null
images:
  icon: null
  thumbnail: null
  banner: null
scf:
  awarded_submissions: null
  awarded_submissions_url: null
  awarded_round: null
  awarded_total: null
mainnet:
  live: true
  tokens: []
  contracts: []
  audits: []
